<?xml version="1.0" encoding="utf-8"?>
<Project ToolsVersion="4.0" xmlns="http://schemas.microsoft.com/developer/msbuild/2003">
  <ItemGroup>
    <Filter Include="Quelldateien">
      <UniqueIdentifier>{4FC737F1-C7A5-4376-A066-2A32D752A2FF}</UniqueIdentifier>
      <Extensions>cpp;c;cc;cxx;def;odl;idl;hpj;bat;asm;asmx</Extensions>
    </Filter>
    <Filter Include="Headerdateien">
      <UniqueIdentifier>{93995380-89BD-4b04-88EB-625FBE52EBFB}</UniqueIdentifier>
      <Extensions>h;hh;hpp;hxx;hm;inl;inc;xsd</Extensions>
    </Filter>
    <Filter Include="Ressourcendateien">
      <UniqueIdentifier>{67DA6AB6-F800-4c08-8B7A-83BB121AAD01}</UniqueIdentifier>
      <Extensions>rc;ico;cur;bmp;dlg;rc2;rct;bin;rgs;gif;jpg;jpeg;jpe;resx;tiff;tif;png;wav;mfcribbon-ms</Extensions>
    </Filter>
    <Filter Include="Headerdateien\util">
      <UniqueIdentifier>{89f1eb3d-f664-4b90-b0b3-b464abdc91f5}</UniqueIdentifier>
    </Filter>
    <Filter Include="Quelldateien\util">
      <UniqueIdentifier>{ecf6876b-afb3-4899-8797-a083959d0660}</UniqueIdentifier>
    </Filter>
    <Filter Include="Headerdateien\render">
      <UniqueIdentifier>{40b4ee1b-86b2-4163-873f-2b32e097cec9}</UniqueIdentifier>
    </Filter>
    <Filter Include="Quelldateien\render">
      <UniqueIdentifier>{907fb798-b686-4537-966f-12f422521323}</UniqueIdentifier>
    </Filter>
    <Filter Include="Headerdateien\game">
      <UniqueIdentifier>{dec34fac-03dc-4d37-9882-0b6699fdce1f}</UniqueIdentifier>
    </Filter>
    <Filter Include="Quelldateien\game">
      <UniqueIdentifier>{ffac8681-e846-4c6f-9cd7-ad973182e80a}</UniqueIdentifier>
    </Filter>
    <Filter Include="Headerdateien\component">
      <UniqueIdentifier>{0c2efdd5-5ef9-414b-94d3-5b0fbe718b87}</UniqueIdentifier>
    </Filter>
    <Filter Include="Quelldateien\component">
      <UniqueIdentifier>{52d6e648-5067-4034-b611-c150a35c3103}</UniqueIdentifier>
    </Filter>
  </ItemGroup>
  <ItemGroup>
    <ClInclude Include="src\Display.h">
      <Filter>Headerdateien</Filter>
    </ClInclude>
    <ClInclude Include="src\util\Vector3D.h">
      <Filter>Headerdateien\util</Filter>
    </ClInclude>
    <ClInclude Include="src\render\IMeshRender.h">
      <Filter>Headerdateien\render</Filter>
    </ClInclude>
    <ClInclude Include="src\render\GLClassicMeshRender.h">
      <Filter>Headerdateien\render</Filter>
    </ClInclude>
    <ClInclude Include="src\render\Mesh.h">
      <Filter>Headerdateien\render</Filter>
    </ClInclude>
    <ClInclude Include="src\util\PLYParser.h">
      <Filter>Headerdateien\util</Filter>
    </ClInclude>
    <ClInclude Include="src\util\Util.h">
      <Filter>Headerdateien\util</Filter>
    </ClInclude>
    <ClInclude Include="src\Camera.h">
      <Filter>Headerdateien</Filter>
    </ClInclude>
    <ClInclude Include="src\render\Texture.h">
      <Filter>Headerdateien\render</Filter>
    </ClInclude>
    <ClInclude Include="src\component\Component.h">
      <Filter>Headerdateien\component</Filter>
    </ClInclude>
    <ClInclude Include="src\component\System.h">
      <Filter>Headerdateien\component</Filter>
    </ClInclude>
    <ClInclude Include="src\component\EntityCollection.h">
      <Filter>Headerdateien\component</Filter>
    </ClInclude>
    <ClInclude Include="src\component\Entity.h">
      <Filter>Headerdateien\component</Filter>
    </ClInclude>
    <ClInclude Include="src\component\TranslationComponent.h">
      <Filter>Headerdateien\component</Filter>
    </ClInclude>
  </ItemGroup>
  <ItemGroup>
    <ClCompile Include="src\Display.cpp">
      <Filter>Quelldateien</Filter>
    </ClCompile>
    <ClCompile Include="src\main.cpp">
      <Filter>Quelldateien</Filter>
    </ClCompile>
    <ClCompile Include="src\render\GLClassicMeshRender.cpp">
      <Filter>Quelldateien\render</Filter>
    </ClCompile>
    <ClCompile Include="src\render\Mesh.cpp">
      <Filter>Quelldateien\render</Filter>
    </ClCompile>
    <ClCompile Include="src\util\PLYParser.cpp">
      <Filter>Quelldateien\util</Filter>
    </ClCompile>
    <ClCompile Include="src\util\Util.cpp">
      <Filter>Quelldateien\util</Filter>
    </ClCompile>
    <ClCompile Include="src\Camera.cpp">
      <Filter>Quelldateien</Filter>
    </ClCompile>
    <ClCompile Include="src\render\Texture.cpp">
      <Filter>Quelldateien\render</Filter>
    </ClCompile>
    <ClCompile Include="src\component\System.cpp">
      <Filter>Quelldateien\component</Filter>
    </ClCompile>
    <ClCompile Include="src\component\EntityCollection.cpp">
      <Filter>Quelldateien\component</Filter>
    </ClCompile>
    <ClCompile Include="src\component\Entity.cpp">
      <Filter>Quelldateien\component</Filter>
    </ClCompile>
    <ClCompile Include="src\component\TranslationComponent.cpp">
      <Filter>Quelldateien\component</Filter>
    </ClCompile>
  </ItemGroup>
</Project>